
Microsoft Visual Studio Solution File, Format Version 12.00
# Visual Studio Version 16
VisualStudioVersion = 16.0.33529.622
MinimumVisualStudioVersion = 10.0.40219.1
Project("{FAE04EC0-301F-11D3-BF4B-00C04F79EFBC}") = "CodeFirst_Eg", "CodeFirst_Eg\CodeFirst_Eg.csproj", "{CCA0CE56-FBFC-4F18-B37D-B61F0769FF06}"
EndProject
Global
	GlobalSection(SolutionConfigurationPlatforms) = preSolution
		Debug|Any CPU = Debug|Any CPU
		Release|Any CPU = Release|Any CPU
	EndGlobalSection
	GlobalSection(ProjectConfigurationPlatforms) = postSolution
		{CCA0CE56-FBFC-4F18-B37D-B61F0769FF06}.Debug|Any CPU.ActiveCfg = Debug|Any CPU
		{CCA0CE56-FBFC-4F18-B37D-B61F0769FF06}.Debug|Any CPU.Build.0 = Debug|Any CPU
		{CCA0CE56-FBFC-4F18-B37D-B61F0769FF06}.Release|Any CPU.ActiveCfg = Release|Any CPU
		{CCA0CE56-FBFC-4F18-B37D-B61F0769FF06}.Release|Any CPU.Build.0 = Release|Any CPU
	EndGlobalSection
	GlobalSection(SolutionProperties) = preSolution
		HideSolutionNode = FALSE
	EndGlobalSection
	GlobalSection(ExtensibilityGlobals) = postSolution
		SolutionGuid = {65CF75CA-FD9D-49BA-8A61-B0E8B0939B28}
	EndGlobalSection
EndGlobal
